
Microsoft Visual Studio Solution File, Format Version 12.00
# Visual Studio Version 17
VisualStudioVersion = 17.4.33205.214
MinimumVisualStudioVersion = 10.0.40219.1
Project("{FAE04EC0-301F-11D3-BF4B-00C04F79EFBC}") = "WebApplication1", "WebApplication1.csproj", "{ED609739-2CFC-4A4D-8BE4-EC4B24AF96FA}"
EndProject
Global
	GlobalSection(SolutionConfigurationPlatforms) = preSolution
		Debug|Any CPU = Debug|Any CPU
		Release|Any CPU = Release|Any CPU
	EndGlobalSection
	GlobalSection(ProjectConfigurationPlatforms) = postSolution
		{ED609739-2CFC-4A4D-8BE4-EC4B24AF96FA}.Debug|Any CPU.ActiveCfg = Debug|Any CPU
		{ED609739-2CFC-4A4D-8BE4-EC4B24AF96FA}.Debug|Any CPU.Build.0 = Debug|Any CPU
		{ED609739-2CFC-4A4D-8BE4-EC4B24AF96FA}.Release|Any CPU.ActiveCfg = Release|Any CPU
		{ED609739-2CFC-4A4D-8BE4-EC4B24AF96FA}.Release|Any CPU.Build.0 = Release|Any CPU
	EndGlobalSection
	GlobalSection(SolutionProperties) = preSolution
		HideSolutionNode = FALSE
	EndGlobalSection
	GlobalSection(ExtensibilityGlobals) = postSolution
		SolutionGuid = {F4F44659-66A5-43CC-9608-B61B44C2D53E}
	EndGlobalSection
EndGlobal
